# This file was autogenerated by uv via the following command:
#    uv export --format requirements.txt --locked --no-dev --no-emit-project --no-hashes --output-file requirements.lock
aiohappyeyeballs==2.6.1
    # via aiohttp
aiohttp==3.13.2
    # via pixeltable
aiosignal==1.4.0
    # via aiohttp
annotated-types==0.7.0
    # via pydantic
anyio==4.11.0
    # via httpx
async-timeout==5.0.1 ; python_full_version < '3.11'
    # via aiohttp
attrs==25.4.0
    # via
    #   aiohttp
    #   jsonschema
    #   referencing
av==16.0.1
    # via pixeltable
beautifulsoup4==4.14.2
    # via pixeltable
boto3==1.43.36
    # via backblaze
botocore==1.43.36
    # via
    #   backblaze
    #   boto3
    #   s3transfer
certifi==2025.11.12
    # via
    #   httpcore
    #   httpx
    #   requests
charset-normalizer==3.4.4
    # via requests
cloudpickle==3.1.2
    # via pixeltable
colorama==0.4.6 ; sys_platform == 'win32'
    # via tqdm
exceptiongroup==1.3.0 ; python_full_version < '3.11'
    # via anyio
fasteners==0.20
    # via pixeltable-pgserver
frozenlist==1.8.0
    # via
    #   aiohttp
    #   aiosignal
ftfy==6.3.1
    # via pixeltable
greenlet==3.2.4 ; platform_machine == 'AMD64' or platform_machine == 'WIN32' or platform_machine == 'aarch64' or platform_machine == 'amd64' or platform_machine == 'ppc64le' or platform_machine == 'win32' or platform_machine == 'x86_64'
    # via sqlalchemy
h11==0.16.0
    # via httpcore
httpcore==1.0.9
    # via
    #   httpx
    #   pixeltable
httpx==0.28.1
    # via pixeltable
idna==3.11
    # via
    #   anyio
    #   httpx
    #   requests
    #   yarl
jinja2==3.1.6
    # via pixeltable
jmespath==1.0.1
    # via
    #   boto3
    #   botocore
    #   pixeltable
jsonschema==4.25.1
    # via pixeltable
jsonschema-specifications==2025.9.1
    # via jsonschema
lxml==6.0.2
    # via pixeltable
markupsafe==3.0.3
    # via jinja2
more-itertools==10.8.0
    # via pixeltable
multidict==6.7.0
    # via
    #   aiohttp
    #   yarl
nest-asyncio==1.6.0
    # via pixeltable
numpy==2.2.6 ; python_full_version < '3.11'
    # via
    #   pandas
    #   pgvector
    #   pixeltable
numpy==2.3.4 ; python_full_version >= '3.11'
    # via
    #   pandas
    #   pgvector
    #   pixeltable
pandas==2.3.3
    # via pixeltable
pgvector==0.4.1
    # via pixeltable
pillow==12.0.0
    # via
    #   pillow-heif
    #   pixeltable
pillow-heif==1.1.1
    # via pixeltable
pixeltable==0.4.24
    # via backblaze
pixeltable-pgserver==0.4.0
    # via pixeltable
platformdirs==4.5.0
    # via pixeltable-pgserver
propcache==0.4.1
    # via
    #   aiohttp
    #   yarl
psutil==7.1.3
    # via
    #   pixeltable
    #   pixeltable-pgserver
psycopg==3.2.12
    # via pixeltable
psycopg-binary==3.2.12 ; implementation_name != 'pypy'
    # via psycopg
puremagic==1.30
    # via pixeltable
pyarrow==22.0.0
    # via pixeltable
pydantic==2.12.4
    # via pixeltable
pydantic-core==2.41.5
    # via pydantic
pymupdf==1.26.6
    # via pixeltable
python-dateutil==2.9.0.post0
    # via
    #   botocore
    #   pandas
pytz==2025.2
    # via pandas
pyyaml==6.0.3
    # via pixeltable
referencing==0.37.0
    # via
    #   jsonschema
    #   jsonschema-specifications
requests==2.32.5
    # via pixeltable
rpds-py==0.28.0
    # via
    #   jsonschema
    #   referencing
s3transfer==0.19.0
    # via boto3
six==1.17.0
    # via python-dateutil
sniffio==1.3.1
    # via anyio
soupsieve==2.8
    # via beautifulsoup4
sqlalchemy==2.0.44
    # via pixeltable
tenacity==9.1.2
    # via pixeltable
toml==0.10.2
    # via pixeltable
tqdm==4.67.1
    # via pixeltable
typing-extensions==4.15.0
    # via
    #   aiosignal
    #   anyio
    #   beautifulsoup4
    #   exceptiongroup
    #   multidict
    #   psycopg
    #   pydantic
    #   pydantic-core
    #   referencing
    #   sqlalchemy
    #   typing-inspection
typing-inspection==0.4.2
    # via pydantic
tzdata==2025.2
    # via
    #   pandas
    #   psycopg
    #   tzlocal
tzlocal==5.3.1
    # via pixeltable
urllib3==2.5.0
    # via
    #   botocore
    #   requests
wcwidth==0.2.14
    # via ftfy
yarl==1.22.0
    # via aiohttp
